{
    "_meta": {
        "hash": {
            "sha256": "5829074826bfaeb0da9ed4f331d415af8924720ca361966572b81eb039c0ee90"
        },
        "pipfile-spec": 6,
        "requires": {
            "python_full_version": ">=3.12.1",
            "python_version": "3.12"
        },
        "sources": [
            {
                "name": "pypi",
                "url": "https://pypi.org/simple",
                "verify_ssl": true
            }
        ]
    },
    "default": {
        "asgiref": {
            "hashes": [
                "sha256:59dcb51c272ad209d59bed5708a64a333083e86017d7fcdd67498eeab7784340",
                "sha256:fe386d1c2bff7259ea95929266d12a8cf9a8b5a1c2598402967d8792e7a7c094"
            ],
            "markers": "python_version >= '3.10'",
            "version": "==3.12.1"
        },
        "certifi": {
            "hashes": [
                "sha256:3d5da6925056f6f18f119200434a4780a94263f10d1c21d032a6f6b2baa20651",
                "sha256:ca78db4565a652026a4db2bcdf68f2fb589ea80d0be70e03929ed730746b84fe"
            ],
            "markers": "python_version >= '3.6'",
            "version": "==2025.1.31"
        },
        "cftime": {
            "hashes": [
                "sha256:0baa9bc4850929da9f92c25329aa1f651e2d6f23e237504f337ee9e12a769f5d",
                "sha256:0ee2f5af8643aa1b47b7e388763a1a6e0dc05558cd2902cffb9cbcf954397648",
                "sha256:0f64ca83acc4e3029f737bf3a32530ffa1fbf53124f5bee70b47548bc58671a7",
                "sha256:1bf7be0a0afc87628cb8c8483412aac6e48e83877004faa0936afb5bf8a877ba",
                "sha256:1dcd1b140bf50da6775c56bd7ca179e84bd258b2f159b53eefd5c514b341f2bf",
                "sha256:24a7fb6cc541a027dab37fdeb695f8a2b21cd7d200be606f81b5abc38f2391e2",
                "sha256:2892b7e7654142d825655f60eb66c3e1af745901890316907071d44cf9a18d8a",
                "sha256:44e9f8052600803b55f8cb6bcac2be49405c21efa900ec77a9fb7f692db2f7a6",
                "sha256:50ac76cc9f10ab7bd46e44a71c51a6927051b499b4407df4f29ab13d741b942f",
                "sha256:568b69fc52f406e361db62a4d7a219c6fb0ced138937144c3b3a511648dd6c50",
                "sha256:5835b9d622f9304d1c23a35603a0f068739f428d902860f25e6e7e5a1b7cd8ea",
                "sha256:5c89766ebf088c097832ea618c24ed5075331f0b7bf8e9c2d4144aefbf2f1850",
                "sha256:5dcfc872f455db1f12eabe3c3ba98e93757cd60ed3526a53246e966ccde46c8a",
                "sha256:640911d2629f4a8f81f6bc0163a983b6b94f86d1007449b8cbfd926136cda253",
                "sha256:652700130dbcca3ae36dbb5b61ff360e62aa09fabcabc42ec521091a14389901",
                "sha256:6579c5c83cdf09d73aa94c7bc34925edd93c5f2c7dd28e074f568f7e376271a0",
                "sha256:6b731c7133d17b479ca0c3c46a7a04f96197f0a4d753f4c2284c3ff0447279b4",
                "sha256:6bb6b087f4b2513c37670bccd457e2a666ca489c5f2aad6e2c0e94604dc1b5b9",
                "sha256:7d9bdeb9174962c9ca00015190bfd693de6b0ec3ec0b3dbc35c693a4f48efdcc",
                "sha256:7f27113f7ccd1ca32881fdcb9a4bec806a5f54ae621fc1c374f1171f3ed98ef2",
                "sha256:7f50bf0d1b664924aaee636eb2933746b942417d1f8b82ab6c1f6e8ba0da6885",
                "sha256:800a18aea4e8cb2b206450397cb8a53b154798738af3cdd3c922ce1ca198b0e6",
                "sha256:8e18021f421aa26527bad8688c1acf0c85fa72730beb6efce969c316743294f2",
                "sha256:933cb10e1af4e362e77f513e3eb92b34a688729ddbf938bbdfa5ac20a7f44ba0",
                "sha256:9df3e2d49e548c62d1939e923800b08d2ab732d3ac8d75b857edd7982c878552",
                "sha256:a4ab54e6c04e68395d454cd4001188fc4ade2fe48035589ed65af80c4527ef08",
                "sha256:a590f73506f4704ba5e154ef55bfbaed5e1b4ac170f3caeb8c58e4f2c619ee4e",
                "sha256:a90b6ef4a3fc65322c212a2c99cec75d1886f1ebaf0ff6189f7b327566762222",
                "sha256:c9ea0965a4c87739aebd84fe8eed966e5809d10065eeffd35c99c274b6f8da15",
                "sha256:cf17a1b36f62e9e73c4c9363dd811e1bbf1170f5ac26d343fb26012ccf482908",
                "sha256:d2a8c223faea7f1248ab469cc0d7795dd46f2a423789038f439fee7190bae259",
                "sha256:d7ebdfd81726b0cfb8b524309224fa952898dfa177c13d5f6af5b18cefbf497d",
                "sha256:da367b23eea7cf4df071c88e014a1600d6c5bbf22e3393a4af409903fa397e28",
                "sha256:e60b8f24b20753f7548f410f7510e28b941f336f84bd34e3cfd7874af6e70281",
                "sha256:e735cfd544878eb94d0108ff5a093bd1a332dba90f979a31a357756d609a90d5",
                "sha256:fc2c0abe2dbd147e1b1e6d0f3de19a5ea8b04956acc204830fd8418066090989"
            ],
            "markers": "python_version >= '3.8'",
            "version": "==1.6.4.post1"
        },
        "django": {
            "hashes": [
                "sha256:04f354bf9d807a86ad1a8392fe3808d362358a8eafc322848e0e43e59b24371d",
                "sha256:59ea02020c3136fce14bef0bbece21a10a4febef5eed1c51c22ae468efa22200"
            ],
            "index": "pypi",
            "markers": "python_version >= '3.10'",
            "version": "==5.2.16"
        },
        "django-timezone-field": {
            "hashes": [
                "sha256:93914713ed882f5bccda080eda388f7006349f25930b6122e9b07bf8db49c4b4",
                "sha256:b3ef409d88a2718b566fabe10ea996f2838bc72b22d3a2900c0aa905c761380c"
            ],
            "index": "pypi",
            "markers": "python_version >= '3.8' and python_version < '4.0'",
            "version": "==7.1"
        },
        "gunicorn": {
            "hashes": [
                "sha256:ec400d38950de4dfd418cff8328b2c8faed0edb0d517d3394e457c317908ca4d",
                "sha256:f014447a0101dc57e294f6c18ca6b40227a4c90e9bdb586042628030cba004ec"
            ],
            "index": "pypi",
            "markers": "python_version >= '3.7'",
            "version": "==23.0.0"
        },
        "netcdf4": {
            "hashes": [
                "sha256:09d61c2ddb6011afb51e77ea0f25cd0bdc28887fb426ffbbc661d920f20c9749",
                "sha256:118b476fd00d7e3ab9aa7771186d547da645ae3b49c0c7bdab866793ebf22f07",
                "sha256:205a5f1de3ddb993c7c97fb204a923a22408cc2e5facf08d75a8eb89b3e7e1a8",
                "sha256:28021c7e886e5bccf9a8ce504c032d1d7f98d86f67495fb7cf2c9564eba04510",
                "sha256:30d20e56b9ba2c48884eb89c91b63e6c0612b4927881707e34402719153ef17f",
                "sha256:3291f9ad0c98c49a4dd16aefad1a9abd3a1b884171db6c81bdcee94671cfabe3",
                "sha256:568ea369e00b581302d77fc5fd0b8f78e520c7e08d0b5af5219ba51f3f1cd694",
                "sha256:572f71459ef4b30e8554dcc4e1e6f55de515acc82a50968b48fe622244a64548",
                "sha256:59b403032774c723ee749d7f2135be311bad7d00d1db284bebfab58b9d5cdb92",
                "sha256:5bdf3b34e6fd4210e34fdc5d1a669a22c4863d96f8a20a3928366acae7b3cbbb",
                "sha256:5c5fbee6134ee1246c397e1508e5297d825aa19221fdf3fa8dc9727ad824d7a5",
                "sha256:5e9b485e3bd9294d25ff7dc9addefce42b3d23c1ee7e3627605277d159819392",
                "sha256:657774404b9f78a5e4d26506ac9bfe106e4a37238282a70803cc7ce679c5a6cc",
                "sha256:6bf402c2c7c063474576e5cf89af877d0b0cd097d9316d5bc4fcb22b62f12567",
                "sha256:7460b638e41c8ce4179d082a81cb6456f0ce083d4d959f4d9e87a95cd86f64cb",
                "sha256:7e896d92f01fbf365e33e2513d5a8c4cfe16ff406aae9b6034e5ba1538c8c7a8",
                "sha256:7f77e72281acc5f331f82271e5f7f014d46f5ca9bcaa5aafe3e46d66cee21320",
                "sha256:8d6bfd38ba0bde04d56f06c1554714a2ea9dab75811c89450dc3ec57a9d36b80",
                "sha256:902aa50d70f49d002d896212a171d344c38f7b8ca520837c56c922ac1535c4a3",
                "sha256:96653fc75057df196010818367c63ba6d7e9af603df0a7fe43fcdad3fe0e9e56",
                "sha256:a4c6375540b19989896136943abb6d44850ff6f1fa7d3f063253b1ad3f8b7fce",
                "sha256:a51da09258b31776f474c1d47e484fc7214914cdc59edf4cee789ba632184591",
                "sha256:abe5b1837ff209185ecfe50bd71884c866b3ee69691051833e410e57f177e059",
                "sha256:cb95b11804fe051897d1f2044b05d82a1847bc2549631cdd2f655dde7de77a9c",
                "sha256:d0fa7a9674fae8ae4877e813173c3ff7a6beee166b8730bdc847f517b282ed31",
                "sha256:e73e3baa0b74afc414e53ff5095748fdbec7fb346eda351e567c23f2f0d247f1",
                "sha256:eb87c08d1700fe67c301898cf5ba3a3e1f8f2fbb417fcd0e2ac784846b60b058",
                "sha256:f54f5d39ffbcf1726a1e6fd90cb5fa74277ecea739a5fa0f424636d71beafe24",
                "sha256:f9d8a848373723f41ef662590b4f5e1832227501c9fd4513e8ad8da58c269977",
                "sha256:fd2a16dbddeb8fa7cf48c37bfc1967290332f2862bb82f984eec2007bb120aeb"
            ],
            "index": "pypi",
            "markers": "python_version >= '3.8'",
            "version": "==1.7.2"
        },
        "numpy": {
            "hashes": [
                "sha256:0391ea3622f5c51a2e29708877d56e3d276827ac5447d7f45e9bc4ade8923c52",
                "sha256:12c045f43b1d2915eca6b880a7f4a256f59d62df4f044788c8ba67709412128d",
                "sha256:136553f123ee2951bfcfbc264acd34a2fc2f29d7cdf610ce7daf672b6fbaa693",
                "sha256:1402da8e0f435991983d0a9708b779f95a8c98c6b18a171b9f1be09005e64d9d",
                "sha256:16372619ee728ed67a2a606a614f56d3eabc5b86f8b615c79d01957062826ca8",
                "sha256:1ad78ce7f18ce4e7df1b2ea4019b5817a2f6a8a16e34ff2775f646adce0a5027",
                "sha256:1b416af7d0ed3271cad0f0a0d0bee0911ed7eba23e66f8424d9f3dfcdcae1304",
                "sha256:1f45315b2dc58d8a3e7754fe4e38b6fce132dab284a92851e41b2b344f6441c5",
                "sha256:2376e317111daa0a6739e50f7ee2a6353f768489102308b0d98fcf4a04f7f3b5",
                "sha256:23c9f4edbf4c065fddb10a4f6e8b6a244342d95966a48820c614891e5059bb50",
                "sha256:246535e2f7496b7ac85deffe932896a3577be7af8fb7eebe7146444680297e9a",
                "sha256:2e8da03bd561504d9b20e7a12340870dfc206c64ea59b4cfee9fceb95070ee94",
                "sha256:34c1b7e83f94f3b564b35f480f5652a47007dd91f7c839f404d03279cc8dd021",
                "sha256:39261798d208c3095ae4f7bc8eaeb3481ea8c6e03dc48028057d3cbdbdb8937e",
                "sha256:3b787adbf04b0db1967798dba8da1af07e387908ed1553a0d6e74c084d1ceafe",
                "sha256:3c2ec8a0f51d60f1e9c0c5ab116b7fc104b165ada3f6c58abf881cb2eb16044d",
                "sha256:435e7a933b9fda8126130b046975a968cc2d833b505475e588339e09f7672890",
                "sha256:4d8335b5f1b6e2bce120d55fb17064b0262ff29b459e8493d1785c18ae2553b8",
                "sha256:4d9828d25fb246bedd31e04c9e75714a4087211ac348cb39c8c5f99dbb6683fe",
                "sha256:52659ad2534427dffcc36aac76bebdd02b67e3b7a619ac67543bc9bfe6b7cdb1",
                "sha256:5266de33d4c3420973cf9ae3b98b54a2a6d53a559310e3236c4b2b06b9c07d4e",
                "sha256:5521a06a3148686d9269c53b09f7d399a5725c47bbb5b35747e1cb76326b714b",
                "sha256:596140185c7fa113563c67c2e894eabe0daea18cf8e33851738c19f70ce86aeb",
                "sha256:5b732c8beef1d7bc2d9e476dbba20aaff6167bf205ad9aa8d30913859e82884b",
                "sha256:5ebeb7ef54a7be11044c33a17b2624abe4307a75893c001a4800857956b41094",
                "sha256:712a64103d97c404e87d4d7c47fb0c7ff9acccc625ca2002848e0d53288b90ea",
                "sha256:7678556eeb0152cbd1522b684dcd215250885993dd00adb93679ec3c0e6e091c",
                "sha256:77974aba6c1bc26e3c205c2214f0d5b4305bdc719268b93e768ddb17e3fdd636",
                "sha256:783145835458e60fa97afac25d511d00a1eca94d4a8f3ace9fe2043003c678e4",
                "sha256:7bfdb06b395385ea9b91bf55c1adf1b297c9fdb531552845ff1d3ea6e40d5aba",
                "sha256:7c8dde0ca2f77828815fd1aedfdf52e59071a5bae30dac3b4da2a335c672149a",
                "sha256:83807d445817326b4bcdaaaf8e8e9f1753da04341eceec705c001ff342002e5d",
                "sha256:87eed225fd415bbae787f93a457af7f5990b92a334e346f72070bf569b9c9c95",
                "sha256:8fb62fe3d206d72fe1cfe31c4a1106ad2b136fcc1606093aeab314f02930fdf2",
                "sha256:95172a21038c9b423e68be78fd0be6e1b97674cde269b76fe269a5dfa6fadf0b",
                "sha256:9f48ba6f6c13e5e49f3d3efb1b51c8193215c42ac82610a04624906a9270be6f",
                "sha256:a0c03b6be48aaf92525cccf393265e02773be8fd9551a2f9adbe7db1fa2b60f1",
                "sha256:a5ae282abe60a2db0fd407072aff4599c279bcd6e9a2475500fc35b00a57c532",
                "sha256:aee2512827ceb6d7f517c8b85aa5d3923afe8fc7a57d028cffcd522f1c6fd082",
                "sha256:c8b0451d2ec95010d1db8ca733afc41f659f425b7f608af569711097fd6014e2",
                "sha256:c9aa4496fd0e17e3843399f533d62857cef5900facf93e735ef65aa4bbc90ef0",
                "sha256:cbc6472e01952d3d1b2772b720428f8b90e2deea8344e854df22b0618e9cce71",
                "sha256:cdfe0c22692a30cd830c0755746473ae66c4a8f2e7bd508b35fb3b6a0813d787",
                "sha256:cf802eef1f0134afb81fef94020351be4fe1d6681aadf9c5e862af6602af64ef",
                "sha256:d42f9c36d06440e34226e8bd65ff065ca0963aeecada587b937011efa02cdc9d",
                "sha256:d5b47c440210c5d1d67e1cf434124e0b5c395eee1f5806fdd89b553ed1acd0a3",
                "sha256:d9b4a8148c57ecac25a16b0e11798cbe88edf5237b0df99973687dd866f05e1b",
                "sha256:daf43a3d1ea699402c5a850e5313680ac355b4adc9770cd5cfc2940e7861f1bf",
                "sha256:dbdc15f0c81611925f382dfa97b3bd0bc2c1ce19d4fe50482cb0ddc12ba30020",
                "sha256:deaa09cd492e24fd9b15296844c0ad1b3c976da7907e1c1ed3a0ad21dded6f76",
                "sha256:e37242f5324ffd9f7ba5acf96d774f9276aa62a966c0bad8dae692deebec7716",
                "sha256:ed2cf9ed4e8ebc3b754d398cba12f24359f018b416c380f577bbae112ca52fc9",
                "sha256:f2712c5179f40af9ddc8f6727f2bd910ea0eb50206daea75f58ddd9fa3f715bb",
                "sha256:f4ca91d61a4bf61b0f2228f24bbfa6a9facd5f8af03759fe2a655c50ae2c6610",
                "sha256:f6b3dfc7661f8842babd8ea07e9897fe3d9b69a1d7e5fbb743e4160f9387833b"
            ],
            "index": "pypi",
            "markers": "python_version >= '3.10'",
            "version": "==2.2.3"
        },
        "packaging": {
            "hashes": [
                "sha256:09abb1bccd265c01f4a3aa3f7a7db064b36514d2cba19a2f694fe6150451a759",
                "sha256:c228a6dc5e932d346bc5739379109d49e8853dd8223571c7c5b55260edc0b97f"
            ],
            "markers": "python_version >= '3.8'",
            "version": "==24.2"
        },
        "psycopg2": {
            "hashes": [
                "sha256:0435034157049f6846e95103bd8f5a668788dd913a7c30162ca9503fdf542cb4",
                "sha256:12ec0b40b0273f95296233e8750441339298e6a572f7039da5b260e3c8b60e11",
                "sha256:47c4f9875125344f4c2b870e41b6aad585901318068acd01de93f3677a6522c2",
                "sha256:4a579d6243da40a7b3182e0430493dbd55950c493d8c68f4eec0b302f6bbf20e",
                "sha256:5df2b672140f95adb453af93a7d669d7a7bf0a56bcd26f1502329166f4a61716",
                "sha256:65a63d7ab0e067e2cdb3cf266de39663203d38d6a8ed97f5ca0cb315c73fe067",
                "sha256:88138c8dedcbfa96408023ea2b0c369eda40fe5d75002c0964c78f46f11fa442",
                "sha256:91fd603a2155da8d0cfcdbf8ab24a2d54bca72795b90d2a3ed2b6da8d979dee2",
                "sha256:9d5b3b94b79a844a986d029eee38998232451119ad653aea42bb9220a8c5066b",
                "sha256:c6f7b8561225f9e711a9c47087388a97fdc948211c10a4bccbf0ba68ab7b3b5a"
            ],
            "index": "pypi",
            "markers": "python_version >= '3.8'",
            "version": "==2.9.10"
        },
        "psycopg2-binary": {
            "hashes": [
                "sha256:04392983d0bb89a8717772a193cfaac58871321e3ec69514e1c4e0d4957b5aff",
                "sha256:056470c3dc57904bbf63d6f534988bafc4e970ffd50f6271fc4ee7daad9498a5",
                "sha256:0ea8e3d0ae83564f2fc554955d327fa081d065c8ca5cc6d2abb643e2c9c1200f",
                "sha256:155e69561d54d02b3c3209545fb08938e27889ff5a10c19de8d23eb5a41be8a5",
                "sha256:18c5ee682b9c6dd3696dad6e54cc7ff3a1a9020df6a5c0f861ef8bfd338c3ca0",
                "sha256:19721ac03892001ee8fdd11507e6a2e01f4e37014def96379411ca99d78aeb2c",
                "sha256:1a6784f0ce3fec4edc64e985865c17778514325074adf5ad8f80636cd029ef7c",
                "sha256:2286791ececda3a723d1910441c793be44625d86d1a4e79942751197f4d30341",
                "sha256:230eeae2d71594103cd5b93fd29d1ace6420d0b86f4778739cb1a5a32f607d1f",
                "sha256:245159e7ab20a71d989da00f280ca57da7641fa2cdcf71749c193cea540a74f7",
                "sha256:26540d4a9a4e2b096f1ff9cce51253d0504dca5a85872c7f7be23be5a53eb18d",
                "sha256:270934a475a0e4b6925b5f804e3809dd5f90f8613621d062848dd82f9cd62007",
                "sha256:27422aa5f11fbcd9b18da48373eb67081243662f9b46e6fd07c3eb46e4535142",
                "sha256:2ad26b467a405c798aaa1458ba09d7e2b6e5f96b1ce0ac15d82fd9f95dc38a92",
                "sha256:2b3d2491d4d78b6b14f76881905c7a8a8abcf974aad4a8a0b065273a0ed7a2cb",
                "sha256:2ce3e21dc3437b1d960521eca599d57408a695a0d3c26797ea0f72e834c7ffe5",
                "sha256:30e34c4e97964805f715206c7b789d54a78b70f3ff19fbe590104b71c45600e5",
                "sha256:3216ccf953b3f267691c90c6fe742e45d890d8272326b4a8b20850a03d05b7b8",
                "sha256:32581b3020c72d7a421009ee1c6bf4a131ef5f0a968fab2e2de0c9d2bb4577f1",
                "sha256:35958ec9e46432d9076286dda67942ed6d968b9c3a6a2fd62b48939d1d78bf68",
                "sha256:3abb691ff9e57d4a93355f60d4f4c1dd2d68326c968e7db17ea96df3c023ef73",
                "sha256:3c18f74eb4386bf35e92ab2354a12c17e5eb4d9798e4c0ad3a00783eae7cd9f1",
                "sha256:3c4745a90b78e51d9ba06e2088a2fe0c693ae19cc8cb051ccda44e8df8a6eb53",
                "sha256:3c4ded1a24b20021ebe677b7b08ad10bf09aac197d6943bfe6fec70ac4e4690d",
                "sha256:3e9c76f0ac6f92ecfc79516a8034a544926430f7b080ec5a0537bca389ee0906",
                "sha256:48b338f08d93e7be4ab2b5f1dbe69dc5e9ef07170fe1f86514422076d9c010d0",
                "sha256:4b3df0e6990aa98acda57d983942eff13d824135fe2250e6522edaa782a06de2",
                "sha256:512d29bb12608891e349af6a0cccedce51677725a921c07dba6342beaf576f9a",
                "sha256:5a507320c58903967ef7384355a4da7ff3f28132d679aeb23572753cbf2ec10b",
                "sha256:5c370b1e4975df846b0277b4deba86419ca77dbc25047f535b0bb03d1a544d44",
                "sha256:6b269105e59ac96aba877c1707c600ae55711d9dcd3fc4b5012e4af68e30c648",
                "sha256:6d4fa1079cab9018f4d0bd2db307beaa612b0d13ba73b5c6304b9fe2fb441ff7",
                "sha256:6dc08420625b5a20b53551c50deae6e231e6371194fa0651dbe0fb206452ae1f",
                "sha256:73aa0e31fa4bb82578f3a6c74a73c273367727de397a7a0f07bd83cbea696baa",
                "sha256:7559bce4b505762d737172556a4e6ea8a9998ecac1e39b5233465093e8cee697",
                "sha256:79625966e176dc97ddabc142351e0409e28acf4660b88d1cf6adb876d20c490d",
                "sha256:7a813c8bdbaaaab1f078014b9b0b13f5de757e2b5d9be6403639b298a04d218b",
                "sha256:7b2c956c028ea5de47ff3a8d6b3cc3330ab45cf0b7c3da35a2d6ff8420896526",
                "sha256:7f4152f8f76d2023aac16285576a9ecd2b11a9895373a1f10fd9db54b3ff06b4",
                "sha256:7f5d859928e635fa3ce3477704acee0f667b3a3d3e4bb109f2b18d4005f38287",
                "sha256:851485a42dbb0bdc1edcdabdb8557c09c9655dfa2ca0460ff210522e073e319e",
                "sha256:8608c078134f0b3cbd9f89b34bd60a943b23fd33cc5f065e8d5f840061bd0673",
                "sha256:880845dfe1f85d9d5f7c412efea7a08946a46894537e4e5d091732eb1d34d9a0",
                "sha256:8aabf1c1a04584c168984ac678a668094d831f152859d06e055288fa515e4d30",
                "sha256:8aecc5e80c63f7459a1a2ab2c64df952051df196294d9f739933a9f6687e86b3",
                "sha256:8cd9b4f2cfab88ed4a9106192de509464b75a906462fb846b936eabe45c2063e",
                "sha256:8de718c0e1c4b982a54b41779667242bc630b2197948405b7bd8ce16bcecac92",
                "sha256:9440fa522a79356aaa482aa4ba500b65f28e5d0e63b801abf6aa152a29bd842a",
                "sha256:b5f86c56eeb91dc3135b3fd8a95dc7ae14c538a2f3ad77a19645cf55bab1799c",
                "sha256:b73d6d7f0ccdad7bc43e6d34273f70d587ef62f824d7261c4ae9b8b1b6af90e8",
                "sha256:bb89f0a835bcfc1d42ccd5f41f04870c1b936d8507c6df12b7737febc40f0909",
                "sha256:c3cc28a6fd5a4a26224007712e79b81dbaee2ffb90ff406256158ec4d7b52b47",
                "sha256:ce5ab4bf46a211a8e924d307c1b1fcda82368586a19d0a24f8ae166f5c784864",
                "sha256:d00924255d7fc916ef66e4bf22f354a940c67179ad3fd7067d7a0a9c84d2fbfc",
                "sha256:d7cd730dfa7c36dbe8724426bf5612798734bff2d3c3857f36f2733f5bfc7c00",
                "sha256:e217ce4d37667df0bc1c397fdcd8de5e81018ef305aed9415c3b093faaeb10fb",
                "sha256:e3923c1d9870c49a2d44f795df0c889a22380d36ef92440ff618ec315757e539",
                "sha256:e5720a5d25e3b99cd0dc5c8a440570469ff82659bb09431c1439b92caf184d3b",
                "sha256:e8b58f0a96e7a1e341fc894f62c1177a7c83febebb5ff9123b579418fdc8a481",
                "sha256:e984839e75e0b60cfe75e351db53d6db750b00de45644c5d1f7ee5d1f34a1ce5",
                "sha256:eb09aa7f9cecb45027683bb55aebaaf45a0df8bf6de68801a6afdc7947bb09d4",
                "sha256:ec8a77f521a17506a24a5f626cb2aee7850f9b69a0afe704586f63a464f3cd64",
                "sha256:ecced182e935529727401b24d76634a357c71c9275b356efafd8a2a91ec07392",
                "sha256:ee0e8c683a7ff25d23b55b11161c2663d4b099770f6085ff0a20d4505778d6b4",
                "sha256:f0c2d907a1e102526dd2986df638343388b94c33860ff3bbe1384130828714b1",
                "sha256:f758ed67cab30b9a8d2833609513ce4d3bd027641673d4ebc9c067e4d208eec1",
                "sha256:f8157bed2f51db683f31306aa497311b560f2265998122abe1dce6428bd86567",
                "sha256:ffe8ed017e4ed70f68b7b371d84b7d4a790368db9203dfc2d222febd3a9c8863"
            ],
            "index": "pypi",
            "markers": "python_version >= '3.8'",
            "version": "==2.9.10"
        },
        "pymemcache": {
            "hashes": [
                "sha256:27bf9bd1bbc1e20f83633208620d56de50f14185055e49504f4f5e94e94aff94",
                "sha256:f507bc20e0dc8d562f8df9d872107a278df049fa496805c1431b926f3ddd0eab"
            ],
            "index": "pypi",
            "markers": "python_version >= '3.7'",
            "version": "==4.0.0"
        },
        "sqlparse": {
            "hashes": [
                "sha256:12a08b3bf3eec877c519589833aed092e2444e68240a3577e8e26148acc7b1ba",
                "sha256:e20d4a9b0b8585fdf63b10d30066c7c94c5d7a7ec47c889a2d83a3caa93ff28e"
            ],
            "markers": "python_version >= '3.8'",
            "version": "==0.5.5"
        }
    },
    "develop": {}
}
