{
    "_meta": {
        "hash": {
            "sha256": "0fb5e7e3889c79d6f99aee5e2aaff916efcaeae1fd41f86f3d87b499c1ccd0c2"
        },
        "pipfile-spec": 6,
        "requires": {
            "python_full_version": "3.12.7",
            "python_version": "3.12"
        },
        "sources": [
            {
                "name": "pypi",
                "url": "https://pypi.org/simple",
                "verify_ssl": true
            }
        ]
    },
    "default": {
        "asgiref": {
            "hashes": [
                "sha256:3e1e3ecc849832fe52ccf2cb6686b7a55f82bb1d6aee72a58826471390335e47",
                "sha256:c343bd80a0bec947a9860adb4c432ffa7db769836c64238fc34bdc3fec84d590"
            ],
            "markers": "python_version >= '3.8'",
            "version": "==3.8.1"
        },
        "certifi": {
            "hashes": [
                "sha256:922820b53db7a7257ffbda3f597266d435245903d80737e34f8a45ff3e3230d8",
                "sha256:bec941d2aa8195e248a60b31ff9f0558284cf01a52591ceda73ea9afffd69fd9"
            ],
            "markers": "python_version >= '3.6'",
            "version": "==2024.8.30"
        },
        "cftime": {
            "hashes": [
                "sha256:03494e7b66a2fbb6b04e364ab67185130dee0ced660abac5c1559070571d143d",
                "sha256:0b47bf25195fb3889bbae34df0e80957eb69c48f66902f5d538c7a8ec34253f6",
                "sha256:0edeb1cb019d8155b2513cffb96749c0d7d459370e69bdf03077e0bee214aed8",
                "sha256:1289e08617be350a6b26c6e4352a0cb088625ac33d25e95110df549c26d6ab8e",
                "sha256:18b132d9225b4a109929866200846c72302316db9069e2de3ec8d8ec377f567f",
                "sha256:25f043703e785de0bd7cd8222c0a53317e9aeb3dfc062588b05e6f3ebb007468",
                "sha256:3c349a91fa7ac9ec50118b04a8746bdea967bd2fc525d87c776003040b8d3392",
                "sha256:4dcb2a01d4e614437582af33b36db4fb441b7666758482864827a1f037d2b639",
                "sha256:567574df94d0de1101bb5da76e7fbc6eabfddeeb2eb8cf83286b3599a136bbf7",
                "sha256:588d073400798adc24ece759cd1cb24ef730f55d1f70e31a898e7686f9d763d8",
                "sha256:5b5ad7559a16bedadb66af8e417b6805f758acb57aa38d2730844dfc63a1e667",
                "sha256:6e07b91b488570573bbeb6f815656a8974d13d15b2279c82de2927f4f692bbcd",
                "sha256:6fc82928cbf477bebf233f41914e64bff7b9e894c7f0c34170784a48250f8da7",
                "sha256:76b8f1e5d1e424accdf760a43e0a1793a7b640bab83cb067273d5c9dbb336c44",
                "sha256:90609b3c1a31a756a68ecdbc961a4ce0b22c1620f166c8dabfa3a4c337ac8b9e",
                "sha256:a8f05d5d6bb4137f9783fa61ad330030fcea8dcc6946dea69a27774edbe480e7",
                "sha256:b32ac1278a2a111b066d5a1e6e5ce6f38c4c505993a6a3130873b56f99d7b56f",
                "sha256:bbe11ad73b2a0ddc79995da21459fc2a3fd6b1593ca73f00a60e4d81c3e230f3",
                "sha256:c05a71389f53d6340cb365b60f028c08268c72401660b9ef76108dee9f1cb5b2",
                "sha256:c072fe9e09925af66a9473edf5752ca1890ba752e7c1935d1f0245ad48f0977c",
                "sha256:c1558d9b477bd29626cd8bfc89e736635f72887d1a993e2834ab579bba7abb8c",
                "sha256:c20f03e12af39534c3450bba376272803bfb850b5ce6433c839bfaa99f8d835a",
                "sha256:ca1a264570e68fbb611bba251641b8efd0cf88c0ad2dcab5fa784df264232b75",
                "sha256:d4f2cc0d5c6ffba9c5b0fd1ecd0c7c1c426d0be7b8de1480e2a9fb857c1905e9",
                "sha256:e325406193758a7ed67308deb52e727782a19e384e183378e7ff62098be0aedc",
                "sha256:e5456fd58d4cc6b8d7b4932b749617ee142b62a52bc5d8e3c282ce69ce3a20ba",
                "sha256:e8467b6fbf8dbfe0be8c04d61180765fdd3b9ab0fe51313a0bbf87e63634a3d8",
                "sha256:ee70074df4bae0d9ee98f201cf5f11fd302791cf1cdeb73c34f685d6b632e17d",
                "sha256:f92f2e405eeda47b30ab6231d8b7d136a55f21034d394f93ade322d356948654",
                "sha256:f9acc272df1022f24fe7dbe9de43fa5d8271985161df14549e4d8d28c90dc9ea"
            ],
            "markers": "python_version >= '3.8'",
            "version": "==1.6.4"
        },
        "django": {
            "hashes": [
                "sha256:bd7376f90c99f96b643722eee676498706c9fd7dc759f55ebfaf2c08ebcdf4f0",
                "sha256:f11aa87ad8d5617171e3f77e1d5d16f004b79a2cf5d2e1d2b97a6a1f8e9ba5ed"
            ],
            "index": "pypi",
            "markers": "python_version >= '3.10'",
            "version": "==5.1.2"
        },
        "django-timezone-field": {
            "hashes": [
                "sha256:3232e7ecde66ba4464abb6f9e6b8cc739b914efb9b29dc2cf2eee451f7cc2acb",
                "sha256:aa6f4965838484317b7f08d22c0d91a53d64e7bbbd34264468ae83d4023898a7"
            ],
            "index": "pypi",
            "markers": "python_version >= '3.8' and python_version < '4.0'",
            "version": "==7.0"
        },
        "netcdf4": {
            "hashes": [
                "sha256:0691d20fcc2d41cd0a15ef335a4f038ccaf07c013c4c79ad3e39993cac3c9bbb",
                "sha256:0d5216369a0a4a868dadb5c4137d854810a309b9f9ef1d16786269fbeb244101",
                "sha256:12f8ab560320e879763b7837d6f8f5eb285195271f47fc5c18362e5b097ee67c",
                "sha256:13dc0d3fa4d46e531f32fa0bb4068bdac35513114b9548ea49f92e85d9702afb",
                "sha256:156428fc63e2280e8bcab7f49531cde19fbba192c2ffdfb352c6a3f5e813a80b",
                "sha256:294b24234fb71ee30640a451ed1428da3569f23383d35f905558093795f3609a",
                "sha256:2cbca7dcd92075aebe7c242e16f51f20bc5073b6f0f1449394dadc3c17e44b29",
                "sha256:37d557e36654889d7020192bfb56f9d5f93894cb32997eb837ae586c538fd7b6",
                "sha256:5f396f150f97831229e47f449fe6acbca8ff9d08b2166560c46790aa6f11b56b",
                "sha256:6369ed38ffd094fce44e066d0823b6420205d5825a715fe048146052b299754c",
                "sha256:658f38ceb74bb127e293a47fa36f949babba0c872cf3091e2fdafa73caacc7e4",
                "sha256:6bc8ca705e39ac9f4d3950c908867d377f789e5bcc6f94e0a2bdadc4c4612f94",
                "sha256:7530d60cf6450d997ea0607f8b68b9b088f2382c42648cddf5e66e6f1280b692",
                "sha256:756a54cb212c9fc5d0ea74f7c661621821138ab8f63e818317330330cfd6165c",
                "sha256:79d890ade8b8646bb2833c2b9565392cdf5e97e016cf0319693d13bd8c2dd511",
                "sha256:914e210f76c4ce016aed32ba7dfad57e6316a38502bdcbd071fc74ee8fec73ec",
                "sha256:98fef5b27a2325a50ec59793c96e5b1e9945061a390c1ea33d403ed91b7a2fb4",
                "sha256:9fe939ad543371b5ea46864ba6ac88532b2189ce139804b3187c241eb89a02a6",
                "sha256:a1006ae117a754e3cf41a9e704032bf3837cbf53a695cd71deaad3e02e93d570",
                "sha256:a98731d88889e41e9a92d67cad8ac9d9c4acba612a999db803bd082384462dea",
                "sha256:aa22721d9860181c03506c6d718b3a9daf8d07dcb35a466b376760f8eddfffe5",
                "sha256:b2700bd0a188637b740aa6ad09dbf9d21337fb1e0336f9859c2c6e9525404cc0",
                "sha256:d8c015cd8c8582b351d715aed4c17da2e68493edaa59e91f6cf12756479fbd53",
                "sha256:d92bd60dc2b4beba293d81912f3094b2854e9f492ce5e9b4a3ad4fbd725a29e8",
                "sha256:f040aecec09a44388e1469725d471e8f1d491d4b70b27c8b2d45fd47db4e8abc"
            ],
            "index": "pypi",
            "markers": "python_version >= '3.8'",
            "version": "==1.7.1.post2"
        },
        "numpy": {
            "hashes": [
                "sha256:05b2d4e667895cc55e3ff2b56077e4c8a5604361fc21a042845ea3ad67465aa8",
                "sha256:12edb90831ff481f7ef5f6bc6431a9d74dc0e5ff401559a71e5e4611d4f2d466",
                "sha256:13311c2db4c5f7609b462bc0f43d3c465424d25c626d95040f073e30f7570e35",
                "sha256:13532a088217fa624c99b843eeb54640de23b3414b14aa66d023805eb731066c",
                "sha256:13602b3174432a35b16c4cfb5de9a12d229727c3dd47a6ce35111f2ebdf66ff4",
                "sha256:1600068c262af1ca9580a527d43dc9d959b0b1d8e56f8a05d830eea39b7c8af6",
                "sha256:1b8cde4f11f0a975d1fd59373b32e2f5a562ade7cde4f85b7137f3de8fbb29a0",
                "sha256:1c193d0b0238638e6fc5f10f1b074a6993cb13b0b431f64079a509d63d3aa8b7",
                "sha256:1ebec5fd716c5a5b3d8dfcc439be82a8407b7b24b230d0ad28a81b61c2f4659a",
                "sha256:242b39d00e4944431a3cd2db2f5377e15b5785920421993770cddb89992c3f3a",
                "sha256:259ec80d54999cc34cd1eb8ded513cb053c3bf4829152a2e00de2371bd406f5e",
                "sha256:2abbf905a0b568706391ec6fa15161fad0fb5d8b68d73c461b3c1bab6064dd62",
                "sha256:2cbba4b30bf31ddbe97f1c7205ef976909a93a66bb1583e983adbd155ba72ac2",
                "sha256:2ffef621c14ebb0188a8633348504a35c13680d6da93ab5cb86f4e54b7e922b5",
                "sha256:30d53720b726ec36a7f88dc873f0eec8447fbc93d93a8f079dfac2629598d6ee",
                "sha256:32e16a03138cabe0cb28e1007ee82264296ac0983714094380b408097a418cfe",
                "sha256:43cca367bf94a14aca50b89e9bc2061683116cfe864e56740e083392f533ce7a",
                "sha256:456e3b11cb79ac9946c822a56346ec80275eaf2950314b249b512896c0d2505e",
                "sha256:4d6ec0d4222e8ffdab1744da2560f07856421b367928026fb540e1945f2eeeaf",
                "sha256:5006b13a06e0b38d561fab5ccc37581f23c9511879be7693bd33c7cd15ca227c",
                "sha256:675c741d4739af2dc20cd6c6a5c4b7355c728167845e3c6b0e824e4e5d36a6c3",
                "sha256:6cdb606a7478f9ad91c6283e238544451e3a95f30fb5467fbf715964341a8a86",
                "sha256:6d95f286b8244b3649b477ac066c6906fbb2905f8ac19b170e2175d3d799f4df",
                "sha256:76322dcdb16fccf2ac56f99048af32259dcc488d9b7e25b51e5eca5147a3fb98",
                "sha256:7c1c60328bd964b53f8b835df69ae8198659e2b9302ff9ebb7de4e5a5994db3d",
                "sha256:860ec6e63e2c5c2ee5e9121808145c7bf86c96cca9ad396c0bd3e0f2798ccbe2",
                "sha256:8e00ea6fc82e8a804433d3e9cedaa1051a1422cb6e443011590c14d2dea59146",
                "sha256:9c6c754df29ce6a89ed23afb25550d1c2d5fdb9901d9c67a16e0b16eaf7e2550",
                "sha256:a26ae94658d3ba3781d5e103ac07a876b3e9b29db53f68ed7df432fd033358a8",
                "sha256:a65acfdb9c6ebb8368490dbafe83c03c7e277b37e6857f0caeadbbc56e12f4fb",
                "sha256:a7d80b2e904faa63068ead63107189164ca443b42dd1930299e0d1cb041cec2e",
                "sha256:a84498e0d0a1174f2b3ed769b67b656aa5460c92c9554039e11f20a05650f00d",
                "sha256:ab4754d432e3ac42d33a269c8567413bdb541689b02d93788af4131018cbf366",
                "sha256:ad369ed238b1959dfbade9018a740fb9392c5ac4f9b5173f420bd4f37ba1f7a0",
                "sha256:b1d0fcae4f0949f215d4632be684a539859b295e2d0cb14f78ec231915d644db",
                "sha256:b42a1a511c81cc78cbc4539675713bbcf9d9c3913386243ceff0e9429ca892fe",
                "sha256:bd33f82e95ba7ad632bc57837ee99dba3d7e006536200c4e9124089e1bf42426",
                "sha256:bdd407c40483463898b84490770199d5714dcc9dd9b792f6c6caccc523c00952",
                "sha256:c6eef7a2dbd0abfb0d9eaf78b73017dbfd0b54051102ff4e6a7b2980d5ac1a03",
                "sha256:c82af4b2ddd2ee72d1fc0c6695048d457e00b3582ccde72d8a1c991b808bb20f",
                "sha256:d666cb72687559689e9906197e3bec7b736764df6a2e58ee265e360663e9baf7",
                "sha256:d7bf0a4f9f15b32b5ba53147369e94296f5fffb783db5aacc1be15b4bf72f43b",
                "sha256:d82075752f40c0ddf57e6e02673a17f6cb0f8eb3f587f63ca1eaab5594da5b17",
                "sha256:da65fb46d4cbb75cb417cddf6ba5e7582eb7bb0b47db4b99c9fe5787ce5d91f5",
                "sha256:e2b49c3c0804e8ecb05d59af8386ec2f74877f7ca8fd9c1e00be2672e4d399b1",
                "sha256:e585c8ae871fd38ac50598f4763d73ec5497b0de9a0ab4ef5b69f01c6a046142",
                "sha256:e8d3ca0a72dd8846eb6f7dfe8f19088060fcb76931ed592d29128e0219652884",
                "sha256:ef444c57d664d35cac4e18c298c47d7b504c66b17c2ea91312e979fcfbdfb08a",
                "sha256:f1eb068ead09f4994dec71c24b2844f1e4e4e013b9629f812f292f04bd1510d9",
                "sha256:f2ded8d9b6f68cc26f8425eda5d3877b47343e68ca23d0d0846f4d312ecaa445",
                "sha256:f751ed0a2f250541e19dfca9f1eafa31a392c71c832b6bb9e113b10d050cb0f1",
                "sha256:faa88bc527d0f097abdc2c663cddf37c05a1c2f113716601555249805cf573f1",
                "sha256:fc44e3c68ff00fd991b59092a54350e6e4911152682b4782f68070985aa9e648"
            ],
            "index": "pypi",
            "markers": "python_version >= '3.10'",
            "version": "==2.1.2"
        },
        "psycopg2": {
            "hashes": [
                "sha256:0435034157049f6846e95103bd8f5a668788dd913a7c30162ca9503fdf542cb4",
                "sha256:12ec0b40b0273f95296233e8750441339298e6a572f7039da5b260e3c8b60e11",
                "sha256:47c4f9875125344f4c2b870e41b6aad585901318068acd01de93f3677a6522c2",
                "sha256:4a579d6243da40a7b3182e0430493dbd55950c493d8c68f4eec0b302f6bbf20e",
                "sha256:5df2b672140f95adb453af93a7d669d7a7bf0a56bcd26f1502329166f4a61716",
                "sha256:65a63d7ab0e067e2cdb3cf266de39663203d38d6a8ed97f5ca0cb315c73fe067",
                "sha256:88138c8dedcbfa96408023ea2b0c369eda40fe5d75002c0964c78f46f11fa442",
                "sha256:9d5b3b94b79a844a986d029eee38998232451119ad653aea42bb9220a8c5066b",
                "sha256:c6f7b8561225f9e711a9c47087388a97fdc948211c10a4bccbf0ba68ab7b3b5a"
            ],
            "index": "pypi",
            "markers": "python_version >= '3.8'",
            "version": "==2.9.10"
        },
        "pymemcache": {
            "hashes": [
                "sha256:27bf9bd1bbc1e20f83633208620d56de50f14185055e49504f4f5e94e94aff94",
                "sha256:f507bc20e0dc8d562f8df9d872107a278df049fa496805c1431b926f3ddd0eab"
            ],
            "index": "pypi",
            "markers": "python_version >= '3.7'",
            "version": "==4.0.0"
        },
        "sqlparse": {
            "hashes": [
                "sha256:773dcbf9a5ab44a090f3441e2180efe2560220203dc2f8c0b0fa141e18b505e4",
                "sha256:bb6b4df465655ef332548e24f08e205afc81b9ab86cb1c45657a7ff173a3a00e"
            ],
            "markers": "python_version >= '3.8'",
            "version": "==0.5.1"
        }
    },
    "develop": {}
}
