{
    "_meta": {
        "hash": {
            "sha256": "6655ad34e6cb826205edd988f2dd531fcb95e22cbc11aee08ec23a541c960cbc"
        },
        "pipfile-spec": 6,
        "requires": {
            "python_full_version": "3.12.1",
            "python_version": "3.12"
        },
        "sources": [
            {
                "name": "pypi",
                "url": "https://pypi.org/simple",
                "verify_ssl": true
            }
        ]
    },
    "default": {
        "asgiref": {
            "hashes": [
                "sha256:3e1e3ecc849832fe52ccf2cb6686b7a55f82bb1d6aee72a58826471390335e47",
                "sha256:c343bd80a0bec947a9860adb4c432ffa7db769836c64238fc34bdc3fec84d590"
            ],
            "markers": "python_version >= '3.8'",
            "version": "==3.8.1"
        },
        "certifi": {
            "hashes": [
                "sha256:922820b53db7a7257ffbda3f597266d435245903d80737e34f8a45ff3e3230d8",
                "sha256:bec941d2aa8195e248a60b31ff9f0558284cf01a52591ceda73ea9afffd69fd9"
            ],
            "markers": "python_version >= '3.6'",
            "version": "==2024.8.30"
        },
        "cftime": {
            "hashes": [
                "sha256:0baa9bc4850929da9f92c25329aa1f651e2d6f23e237504f337ee9e12a769f5d",
                "sha256:0ee2f5af8643aa1b47b7e388763a1a6e0dc05558cd2902cffb9cbcf954397648",
                "sha256:0f64ca83acc4e3029f737bf3a32530ffa1fbf53124f5bee70b47548bc58671a7",
                "sha256:1bf7be0a0afc87628cb8c8483412aac6e48e83877004faa0936afb5bf8a877ba",
                "sha256:1dcd1b140bf50da6775c56bd7ca179e84bd258b2f159b53eefd5c514b341f2bf",
                "sha256:24a7fb6cc541a027dab37fdeb695f8a2b21cd7d200be606f81b5abc38f2391e2",
                "sha256:2892b7e7654142d825655f60eb66c3e1af745901890316907071d44cf9a18d8a",
                "sha256:44e9f8052600803b55f8cb6bcac2be49405c21efa900ec77a9fb7f692db2f7a6",
                "sha256:50ac76cc9f10ab7bd46e44a71c51a6927051b499b4407df4f29ab13d741b942f",
                "sha256:568b69fc52f406e361db62a4d7a219c6fb0ced138937144c3b3a511648dd6c50",
                "sha256:5835b9d622f9304d1c23a35603a0f068739f428d902860f25e6e7e5a1b7cd8ea",
                "sha256:5c89766ebf088c097832ea618c24ed5075331f0b7bf8e9c2d4144aefbf2f1850",
                "sha256:5dcfc872f455db1f12eabe3c3ba98e93757cd60ed3526a53246e966ccde46c8a",
                "sha256:640911d2629f4a8f81f6bc0163a983b6b94f86d1007449b8cbfd926136cda253",
                "sha256:652700130dbcca3ae36dbb5b61ff360e62aa09fabcabc42ec521091a14389901",
                "sha256:6579c5c83cdf09d73aa94c7bc34925edd93c5f2c7dd28e074f568f7e376271a0",
                "sha256:6b731c7133d17b479ca0c3c46a7a04f96197f0a4d753f4c2284c3ff0447279b4",
                "sha256:6bb6b087f4b2513c37670bccd457e2a666ca489c5f2aad6e2c0e94604dc1b5b9",
                "sha256:7d9bdeb9174962c9ca00015190bfd693de6b0ec3ec0b3dbc35c693a4f48efdcc",
                "sha256:7f27113f7ccd1ca32881fdcb9a4bec806a5f54ae621fc1c374f1171f3ed98ef2",
                "sha256:7f50bf0d1b664924aaee636eb2933746b942417d1f8b82ab6c1f6e8ba0da6885",
                "sha256:800a18aea4e8cb2b206450397cb8a53b154798738af3cdd3c922ce1ca198b0e6",
                "sha256:8e18021f421aa26527bad8688c1acf0c85fa72730beb6efce969c316743294f2",
                "sha256:933cb10e1af4e362e77f513e3eb92b34a688729ddbf938bbdfa5ac20a7f44ba0",
                "sha256:9df3e2d49e548c62d1939e923800b08d2ab732d3ac8d75b857edd7982c878552",
                "sha256:a4ab54e6c04e68395d454cd4001188fc4ade2fe48035589ed65af80c4527ef08",
                "sha256:a590f73506f4704ba5e154ef55bfbaed5e1b4ac170f3caeb8c58e4f2c619ee4e",
                "sha256:a90b6ef4a3fc65322c212a2c99cec75d1886f1ebaf0ff6189f7b327566762222",
                "sha256:c9ea0965a4c87739aebd84fe8eed966e5809d10065eeffd35c99c274b6f8da15",
                "sha256:cf17a1b36f62e9e73c4c9363dd811e1bbf1170f5ac26d343fb26012ccf482908",
                "sha256:d2a8c223faea7f1248ab469cc0d7795dd46f2a423789038f439fee7190bae259",
                "sha256:d7ebdfd81726b0cfb8b524309224fa952898dfa177c13d5f6af5b18cefbf497d",
                "sha256:da367b23eea7cf4df071c88e014a1600d6c5bbf22e3393a4af409903fa397e28",
                "sha256:e60b8f24b20753f7548f410f7510e28b941f336f84bd34e3cfd7874af6e70281",
                "sha256:e735cfd544878eb94d0108ff5a093bd1a332dba90f979a31a357756d609a90d5",
                "sha256:fc2c0abe2dbd147e1b1e6d0f3de19a5ea8b04956acc204830fd8418066090989"
            ],
            "markers": "python_version >= '3.8'",
            "version": "==1.6.4.post1"
        },
        "django": {
            "hashes": [
                "sha256:bd7376f90c99f96b643722eee676498706c9fd7dc759f55ebfaf2c08ebcdf4f0",
                "sha256:f11aa87ad8d5617171e3f77e1d5d16f004b79a2cf5d2e1d2b97a6a1f8e9ba5ed"
            ],
            "index": "pypi",
            "markers": "python_version >= '3.10'",
            "version": "==5.1.2"
        },
        "django-timezone-field": {
            "hashes": [
                "sha256:3232e7ecde66ba4464abb6f9e6b8cc739b914efb9b29dc2cf2eee451f7cc2acb",
                "sha256:aa6f4965838484317b7f08d22c0d91a53d64e7bbbd34264468ae83d4023898a7"
            ],
            "index": "pypi",
            "markers": "python_version >= '3.8' and python_version < '4.0'",
            "version": "==7.0"
        },
        "mod-wsgi": {
            "hashes": [
                "sha256:8ed00c45ff04ac0a29b8c022e12b57bc588c99bf3eaba0c43f68a9a32bb74e71"
            ],
            "index": "pypi",
            "markers": "python_version >= '3.8'",
            "version": "==5.0.1"
        },
        "netcdf4": {
            "hashes": [
                "sha256:09d61c2ddb6011afb51e77ea0f25cd0bdc28887fb426ffbbc661d920f20c9749",
                "sha256:118b476fd00d7e3ab9aa7771186d547da645ae3b49c0c7bdab866793ebf22f07",
                "sha256:205a5f1de3ddb993c7c97fb204a923a22408cc2e5facf08d75a8eb89b3e7e1a8",
                "sha256:28021c7e886e5bccf9a8ce504c032d1d7f98d86f67495fb7cf2c9564eba04510",
                "sha256:30d20e56b9ba2c48884eb89c91b63e6c0612b4927881707e34402719153ef17f",
                "sha256:3291f9ad0c98c49a4dd16aefad1a9abd3a1b884171db6c81bdcee94671cfabe3",
                "sha256:568ea369e00b581302d77fc5fd0b8f78e520c7e08d0b5af5219ba51f3f1cd694",
                "sha256:572f71459ef4b30e8554dcc4e1e6f55de515acc82a50968b48fe622244a64548",
                "sha256:59b403032774c723ee749d7f2135be311bad7d00d1db284bebfab58b9d5cdb92",
                "sha256:5bdf3b34e6fd4210e34fdc5d1a669a22c4863d96f8a20a3928366acae7b3cbbb",
                "sha256:5c5fbee6134ee1246c397e1508e5297d825aa19221fdf3fa8dc9727ad824d7a5",
                "sha256:5e9b485e3bd9294d25ff7dc9addefce42b3d23c1ee7e3627605277d159819392",
                "sha256:657774404b9f78a5e4d26506ac9bfe106e4a37238282a70803cc7ce679c5a6cc",
                "sha256:6bf402c2c7c063474576e5cf89af877d0b0cd097d9316d5bc4fcb22b62f12567",
                "sha256:7460b638e41c8ce4179d082a81cb6456f0ce083d4d959f4d9e87a95cd86f64cb",
                "sha256:7e896d92f01fbf365e33e2513d5a8c4cfe16ff406aae9b6034e5ba1538c8c7a8",
                "sha256:7f77e72281acc5f331f82271e5f7f014d46f5ca9bcaa5aafe3e46d66cee21320",
                "sha256:8d6bfd38ba0bde04d56f06c1554714a2ea9dab75811c89450dc3ec57a9d36b80",
                "sha256:902aa50d70f49d002d896212a171d344c38f7b8ca520837c56c922ac1535c4a3",
                "sha256:96653fc75057df196010818367c63ba6d7e9af603df0a7fe43fcdad3fe0e9e56",
                "sha256:a4c6375540b19989896136943abb6d44850ff6f1fa7d3f063253b1ad3f8b7fce",
                "sha256:a51da09258b31776f474c1d47e484fc7214914cdc59edf4cee789ba632184591",
                "sha256:abe5b1837ff209185ecfe50bd71884c866b3ee69691051833e410e57f177e059",
                "sha256:cb95b11804fe051897d1f2044b05d82a1847bc2549631cdd2f655dde7de77a9c",
                "sha256:d0fa7a9674fae8ae4877e813173c3ff7a6beee166b8730bdc847f517b282ed31",
                "sha256:e73e3baa0b74afc414e53ff5095748fdbec7fb346eda351e567c23f2f0d247f1",
                "sha256:eb87c08d1700fe67c301898cf5ba3a3e1f8f2fbb417fcd0e2ac784846b60b058",
                "sha256:f54f5d39ffbcf1726a1e6fd90cb5fa74277ecea739a5fa0f424636d71beafe24",
                "sha256:f9d8a848373723f41ef662590b4f5e1832227501c9fd4513e8ad8da58c269977",
                "sha256:fd2a16dbddeb8fa7cf48c37bfc1967290332f2862bb82f984eec2007bb120aeb"
            ],
            "index": "pypi",
            "markers": "python_version >= '3.8'",
            "version": "==1.7.2"
        },
        "numpy": {
            "hashes": [
                "sha256:05b2d4e667895cc55e3ff2b56077e4c8a5604361fc21a042845ea3ad67465aa8",
                "sha256:12edb90831ff481f7ef5f6bc6431a9d74dc0e5ff401559a71e5e4611d4f2d466",
                "sha256:13311c2db4c5f7609b462bc0f43d3c465424d25c626d95040f073e30f7570e35",
                "sha256:13532a088217fa624c99b843eeb54640de23b3414b14aa66d023805eb731066c",
                "sha256:13602b3174432a35b16c4cfb5de9a12d229727c3dd47a6ce35111f2ebdf66ff4",
                "sha256:1600068c262af1ca9580a527d43dc9d959b0b1d8e56f8a05d830eea39b7c8af6",
                "sha256:1b8cde4f11f0a975d1fd59373b32e2f5a562ade7cde4f85b7137f3de8fbb29a0",
                "sha256:1c193d0b0238638e6fc5f10f1b074a6993cb13b0b431f64079a509d63d3aa8b7",
                "sha256:1ebec5fd716c5a5b3d8dfcc439be82a8407b7b24b230d0ad28a81b61c2f4659a",
                "sha256:242b39d00e4944431a3cd2db2f5377e15b5785920421993770cddb89992c3f3a",
                "sha256:259ec80d54999cc34cd1eb8ded513cb053c3bf4829152a2e00de2371bd406f5e",
                "sha256:2abbf905a0b568706391ec6fa15161fad0fb5d8b68d73c461b3c1bab6064dd62",
                "sha256:2cbba4b30bf31ddbe97f1c7205ef976909a93a66bb1583e983adbd155ba72ac2",
                "sha256:2ffef621c14ebb0188a8633348504a35c13680d6da93ab5cb86f4e54b7e922b5",
                "sha256:30d53720b726ec36a7f88dc873f0eec8447fbc93d93a8f079dfac2629598d6ee",
                "sha256:32e16a03138cabe0cb28e1007ee82264296ac0983714094380b408097a418cfe",
                "sha256:43cca367bf94a14aca50b89e9bc2061683116cfe864e56740e083392f533ce7a",
                "sha256:456e3b11cb79ac9946c822a56346ec80275eaf2950314b249b512896c0d2505e",
                "sha256:4d6ec0d4222e8ffdab1744da2560f07856421b367928026fb540e1945f2eeeaf",
                "sha256:5006b13a06e0b38d561fab5ccc37581f23c9511879be7693bd33c7cd15ca227c",
                "sha256:675c741d4739af2dc20cd6c6a5c4b7355c728167845e3c6b0e824e4e5d36a6c3",
                "sha256:6cdb606a7478f9ad91c6283e238544451e3a95f30fb5467fbf715964341a8a86",
                "sha256:6d95f286b8244b3649b477ac066c6906fbb2905f8ac19b170e2175d3d799f4df",
                "sha256:76322dcdb16fccf2ac56f99048af32259dcc488d9b7e25b51e5eca5147a3fb98",
                "sha256:7c1c60328bd964b53f8b835df69ae8198659e2b9302ff9ebb7de4e5a5994db3d",
                "sha256:860ec6e63e2c5c2ee5e9121808145c7bf86c96cca9ad396c0bd3e0f2798ccbe2",
                "sha256:8e00ea6fc82e8a804433d3e9cedaa1051a1422cb6e443011590c14d2dea59146",
                "sha256:9c6c754df29ce6a89ed23afb25550d1c2d5fdb9901d9c67a16e0b16eaf7e2550",
                "sha256:a26ae94658d3ba3781d5e103ac07a876b3e9b29db53f68ed7df432fd033358a8",
                "sha256:a65acfdb9c6ebb8368490dbafe83c03c7e277b37e6857f0caeadbbc56e12f4fb",
                "sha256:a7d80b2e904faa63068ead63107189164ca443b42dd1930299e0d1cb041cec2e",
                "sha256:a84498e0d0a1174f2b3ed769b67b656aa5460c92c9554039e11f20a05650f00d",
                "sha256:ab4754d432e3ac42d33a269c8567413bdb541689b02d93788af4131018cbf366",
                "sha256:ad369ed238b1959dfbade9018a740fb9392c5ac4f9b5173f420bd4f37ba1f7a0",
                "sha256:b1d0fcae4f0949f215d4632be684a539859b295e2d0cb14f78ec231915d644db",
                "sha256:b42a1a511c81cc78cbc4539675713bbcf9d9c3913386243ceff0e9429ca892fe",
                "sha256:bd33f82e95ba7ad632bc57837ee99dba3d7e006536200c4e9124089e1bf42426",
                "sha256:bdd407c40483463898b84490770199d5714dcc9dd9b792f6c6caccc523c00952",
                "sha256:c6eef7a2dbd0abfb0d9eaf78b73017dbfd0b54051102ff4e6a7b2980d5ac1a03",
                "sha256:c82af4b2ddd2ee72d1fc0c6695048d457e00b3582ccde72d8a1c991b808bb20f",
                "sha256:d666cb72687559689e9906197e3bec7b736764df6a2e58ee265e360663e9baf7",
                "sha256:d7bf0a4f9f15b32b5ba53147369e94296f5fffb783db5aacc1be15b4bf72f43b",
                "sha256:d82075752f40c0ddf57e6e02673a17f6cb0f8eb3f587f63ca1eaab5594da5b17",
                "sha256:da65fb46d4cbb75cb417cddf6ba5e7582eb7bb0b47db4b99c9fe5787ce5d91f5",
                "sha256:e2b49c3c0804e8ecb05d59af8386ec2f74877f7ca8fd9c1e00be2672e4d399b1",
                "sha256:e585c8ae871fd38ac50598f4763d73ec5497b0de9a0ab4ef5b69f01c6a046142",
                "sha256:e8d3ca0a72dd8846eb6f7dfe8f19088060fcb76931ed592d29128e0219652884",
                "sha256:ef444c57d664d35cac4e18c298c47d7b504c66b17c2ea91312e979fcfbdfb08a",
                "sha256:f1eb068ead09f4994dec71c24b2844f1e4e4e013b9629f812f292f04bd1510d9",
                "sha256:f2ded8d9b6f68cc26f8425eda5d3877b47343e68ca23d0d0846f4d312ecaa445",
                "sha256:f751ed0a2f250541e19dfca9f1eafa31a392c71c832b6bb9e113b10d050cb0f1",
                "sha256:faa88bc527d0f097abdc2c663cddf37c05a1c2f113716601555249805cf573f1",
                "sha256:fc44e3c68ff00fd991b59092a54350e6e4911152682b4782f68070985aa9e648"
            ],
            "index": "pypi",
            "markers": "python_version >= '3.10'",
            "version": "==2.1.2"
        },
        "psycopg2": {
            "hashes": [
                "sha256:0435034157049f6846e95103bd8f5a668788dd913a7c30162ca9503fdf542cb4",
                "sha256:12ec0b40b0273f95296233e8750441339298e6a572f7039da5b260e3c8b60e11",
                "sha256:47c4f9875125344f4c2b870e41b6aad585901318068acd01de93f3677a6522c2",
                "sha256:4a579d6243da40a7b3182e0430493dbd55950c493d8c68f4eec0b302f6bbf20e",
                "sha256:5df2b672140f95adb453af93a7d669d7a7bf0a56bcd26f1502329166f4a61716",
                "sha256:65a63d7ab0e067e2cdb3cf266de39663203d38d6a8ed97f5ca0cb315c73fe067",
                "sha256:88138c8dedcbfa96408023ea2b0c369eda40fe5d75002c0964c78f46f11fa442",
                "sha256:9d5b3b94b79a844a986d029eee38998232451119ad653aea42bb9220a8c5066b",
                "sha256:c6f7b8561225f9e711a9c47087388a97fdc948211c10a4bccbf0ba68ab7b3b5a"
            ],
            "index": "pypi",
            "markers": "python_version >= '3.8'",
            "version": "==2.9.10"
        },
        "pymemcache": {
            "hashes": [
                "sha256:27bf9bd1bbc1e20f83633208620d56de50f14185055e49504f4f5e94e94aff94",
                "sha256:f507bc20e0dc8d562f8df9d872107a278df049fa496805c1431b926f3ddd0eab"
            ],
            "index": "pypi",
            "markers": "python_version >= '3.7'",
            "version": "==4.0.0"
        },
        "sqlparse": {
            "hashes": [
                "sha256:773dcbf9a5ab44a090f3441e2180efe2560220203dc2f8c0b0fa141e18b505e4",
                "sha256:bb6b4df465655ef332548e24f08e205afc81b9ab86cb1c45657a7ff173a3a00e"
            ],
            "markers": "python_version >= '3.8'",
            "version": "==0.5.1"
        }
    },
    "develop": {}
}
